Microsoft Visual Studio Solution File, Format Version 11.00
# Visual Studio 2008

Project("{832E9304-AD70-881C-A31E-93BD290E4F8D}") = "ChangeClothesDemo", "Assembly-CSharp-vs.csproj", "{3AE28F30-DFB8-46D0-D100-30F3E9C535D1}"
EndProject
Project("{832E9304-AD70-881C-A31E-93BD290E4F8D}") = "ChangeClothesDemo", "Assembly-CSharp-Editor-vs.csproj", "{DEF9ED39-785A-718D-6A40-6FA9D5606320}"
EndProject
Global
	GlobalSection(SolutionConfigurationPlatforms) = preSolution
		Debug|Any CPU = Debug|Any CPU
		Release|Any CPU = Release|Any CPU
	EndGlobalSection
	GlobalSection(ProjectConfigurationPlatforms) = postSolution
		{3AE28F30-DFB8-46D0-D100-30F3E9C535D1}.Debug|Any CPU.ActiveCfg = Debug|Any CPU
		{3AE28F30-DFB8-46D0-D100-30F3E9C535D1}.Debug|Any CPU.Build.0 = Debug|Any CPU
		{3AE28F30-DFB8-46D0-D100-30F3E9C535D1}.Release|Any CPU.ActiveCfg = Release|Any CPU
		{3AE28F30-DFB8-46D0-D100-30F3E9C535D1}.Release|Any CPU.Build.0 = Release|Any CPU
		{DEF9ED39-785A-718D-6A40-6FA9D5606320}.Debug|Any CPU.ActiveCfg = Debug|Any CPU
		{DEF9ED39-785A-718D-6A40-6FA9D5606320}.Debug|Any CPU.Build.0 = Debug|Any CPU
		{DEF9ED39-785A-718D-6A40-6FA9D5606320}.Release|Any CPU.ActiveCfg = Release|Any CPU
		{DEF9ED39-785A-718D-6A40-6FA9D5606320}.Release|Any CPU.Build.0 = Release|Any CPU
	EndGlobalSection
	GlobalSection(SolutionProperties) = preSolution
		HideSolutionNode = FALSE
	EndGlobalSection
															GlobalSection(MonoDevelopProperties) = preSolution
		StartupItem = Assembly-CSharp.csproj
		Policies = $0
		$0.TextStylePolicy = $1
		$1.inheritsSet = null
		$1.scope = text/x-csharp
		$0.CSharpFormattingPolicy = $2
		$2.inheritsSet = Mono
		$2.inheritsScope = text/x-csharp
		$2.scope = text/x-csharp
		$0.TextStylePolicy = $3
		$3.FileWidth = 120
		$3.TabWidth = 4
		$3.EolMarker = Unix
		$3.inheritsSet = Mono
		$3.inheritsScope = text/plain
		$3.scope = text/plain
	EndGlobalSection

EndGlobal
